<?xml version="1.0" encoding="utf-8"?>
<Project ToolsVersion="4.0" xmlns="http://schemas.microsoft.com/developer/msbuild/2003">
  <ItemGroup>
    <Filter Include="Source Files">
      <UniqueIdentifier>{4FC737F1-C7A5-4376-A066-2A32D752A2FF}</UniqueIdentifier>
      <Extensions>cpp;c;cc;cxx;def;odl;idl;hpj;bat;asm;asmx</Extensions>
    </Filter>
    <Filter Include="Source Files\util">
      <UniqueIdentifier>{3e929c99-4d51-4e94-a725-5e9828573080}</UniqueIdentifier>
    </Filter>
    <Filter Include="Source Files\mio">
      <UniqueIdentifier>{83eab641-9125-4bc3-97ce-3091ac35e689}</UniqueIdentifier>
    </Filter>
    <Filter Include="Source Files\subst">
      <UniqueIdentifier>{780e5a2a-35a6-47a1-ad41-a52897da82c7}</UniqueIdentifier>
    </Filter>
    <Filter Include="Source Files\sx">
      <UniqueIdentifier>{760b3c37-4543-4bad-9e29-3dd279f83f2e}</UniqueIdentifier>
    </Filter>
    <Filter Include="Header Files">
      <UniqueIdentifier>{93995380-89BD-4b04-88EB-625FBE52EBFB}</UniqueIdentifier>
      <Extensions>h;hpp;hxx;hm;inl;inc;xsd</Extensions>
    </Filter>
    <Filter Include="Header Files\util">
      <UniqueIdentifier>{27098ac5-fd67-4ac7-8780-31bf2c870769}</UniqueIdentifier>
    </Filter>
    <Filter Include="Header Files\mio">
      <UniqueIdentifier>{19348e37-e2bc-4578-bcfa-17e5bebbdc66}</UniqueIdentifier>
    </Filter>
    <Filter Include="Header Files\subst">
      <UniqueIdentifier>{af12b953-0acc-4149-81a0-7baef8ff0e38}</UniqueIdentifier>
    </Filter>
    <Filter Include="Header Files\sx">
      <UniqueIdentifier>{daaae8fe-0734-4b43-983f-584b80a6afb2}</UniqueIdentifier>
    </Filter>
    <Filter Include="Header Files\version">
      <UniqueIdentifier>{90af5345-07fa-40dc-9e41-c90c2dcd2e0d}</UniqueIdentifier>
    </Filter>
    <Filter Include="Resource Files">
      <UniqueIdentifier>{945ff827-8333-480a-82d5-7bd81305f894}</UniqueIdentifier>
    </Filter>
  </ItemGroup>
  <ItemGroup>
    <ClCompile Include="$(SolutionDir)..\util\access.c">
      <Filter>Source Files\util</Filter>
    </ClCompile>
    <ClCompile Include="$(SolutionDir)..\util\base64.c">
      <Filter>Source Files\util</Filter>
    </ClCompile>
    <ClCompile Include="$(SolutionDir)..\util\config.c">
      <Filter>Source Files\util</Filter>
    </ClCompile>
    <ClCompile Include="$(SolutionDir)..\util\datetime.c">
      <Filter>Source Files\util</Filter>
    </ClCompile>
    <ClCompile Include="$(SolutionDir)..\util\hex.c">
      <Filter>Source Files\util</Filter>
    </ClCompile>
    <ClCompile Include="$(SolutionDir)..\util\inaddr.c">
      <Filter>Source Files\util</Filter>
    </ClCompile>
    <ClCompile Include="$(SolutionDir)..\util\jid.c">
      <Filter>Source Files\util</Filter>
    </ClCompile>
    <ClCompile Include="$(SolutionDir)..\util\jqueue.c">
      <Filter>Source Files\util</Filter>
    </ClCompile>
    <ClCompile Include="$(SolutionDir)..\util\jsignal.c">
      <Filter>Source Files\util</Filter>
    </ClCompile>
    <ClCompile Include="$(SolutionDir)..\util\log.c">
      <Filter>Source Files\util</Filter>
    </ClCompile>
    <ClCompile Include="$(SolutionDir)..\util\md5.c">
      <Filter>Source Files\util</Filter>
    </ClCompile>
    <ClCompile Include="$(SolutionDir)..\util\misc.c">
      <Filter>Source Files\util</Filter>
    </ClCompile>
    <ClCompile Include="$(SolutionDir)..\util\nad.c">
      <Filter>Source Files\util</Filter>
    </ClCompile>
    <ClCompile Include="$(SolutionDir)..\util\pool.c">
      <Filter>Source Files\util</Filter>
    </ClCompile>
    <ClCompile Include="$(SolutionDir)..\util\pqueue.c">
      <Filter>Source Files\util</Filter>
    </ClCompile>
    <ClCompile Include="$(SolutionDir)..\util\rate.c">
      <Filter>Source Files\util</Filter>
    </ClCompile>
    <ClCompile Include="$(SolutionDir)..\util\serial.c">
      <Filter>Source Files\util</Filter>
    </ClCompile>
    <ClCompile Include="$(SolutionDir)..\util\stanza.c">
      <Filter>Source Files\util</Filter>
    </ClCompile>
    <ClCompile Include="$(SolutionDir)..\util\str.c">
      <Filter>Source Files\util</Filter>
    </ClCompile>
    <ClCompile Include="$(SolutionDir)..\util\xconfig.c">
      <Filter>Source Files\util</Filter>
    </ClCompile>
    <ClCompile Include="$(SolutionDir)..\util\xdata.c">
      <Filter>Source Files\util</Filter>
    </ClCompile>
    <ClCompile Include="$(SolutionDir)..\util\xhash.c">
      <Filter>Source Files\util</Filter>
    </ClCompile>
    <ClCompile Include="$(SolutionDir)..\mio\mio.c">
      <Filter>Source Files\mio</Filter>
    </ClCompile>
    <ClCompile Include="$(SolutionDir)..\mio\mio_select.c">
      <Filter>Source Files\mio</Filter>
    </ClCompile>
    <ClCompile Include="$(SolutionDir)..\mio\mio_wsasync.c">
      <Filter>Source Files\mio</Filter>
    </ClCompile>
    <ClCompile Include="$(SolutionDir)..\subst\dirent.c">
      <Filter>Source Files\subst</Filter>
    </ClCompile>
    <ClCompile Include="$(SolutionDir)..\subst\getopt.c">
      <Filter>Source Files\subst</Filter>
    </ClCompile>
    <ClCompile Include="$(SolutionDir)..\subst\gettimeofday.c">
      <Filter>Source Files\subst</Filter>
    </ClCompile>
    <ClCompile Include="$(SolutionDir)..\subst\inet_aton.c">
      <Filter>Source Files\subst</Filter>
    </ClCompile>
    <ClCompile Include="$(SolutionDir)..\subst\inet_ntop.c">
      <Filter>Source Files\subst</Filter>
    </ClCompile>
    <ClCompile Include="$(SolutionDir)..\subst\inet_pton.c">
      <Filter>Source Files\subst</Filter>
    </ClCompile>
    <ClCompile Include="$(SolutionDir)..\subst\snprintf.c">
      <Filter>Source Files\subst</Filter>
    </ClCompile>
    <ClCompile Include="$(SolutionDir)..\subst\strndup.c">
      <Filter>Source Files\subst</Filter>
    </ClCompile>
    <ClCompile Include="$(SolutionDir)..\subst\syslog.c">
      <Filter>Source Files\subst</Filter>
    </ClCompile>
    <ClCompile Include="$(SolutionDir)..\subst\timegm.c">
      <Filter>Source Files\subst</Filter>
    </ClCompile>
    <ClCompile Include="$(SolutionDir)..\sx\callback.c">
      <Filter>Source Files\sx</Filter>
    </ClCompile>
    <ClCompile Include="$(SolutionDir)..\sx\chain.c">
      <Filter>Source Files\sx</Filter>
    </ClCompile>
    <ClCompile Include="$(SolutionDir)..\sx\client.c">
      <Filter>Source Files\sx</Filter>
    </ClCompile>
    <ClCompile Include="$(SolutionDir)..\sx\compress.c">
      <Filter>Source Files\sx</Filter>
    </ClCompile>
    <ClCompile Include="$(SolutionDir)..\sx\env.c">
      <Filter>Source Files\sx</Filter>
    </ClCompile>
    <ClCompile Include="$(SolutionDir)..\sx\error.c">
      <Filter>Source Files\sx</Filter>
    </ClCompile>
    <ClCompile Include="$(SolutionDir)..\sx\io.c">
      <Filter>Source Files\sx</Filter>
    </ClCompile>
    <ClCompile Include="$(SolutionDir)..\sx\sasl_gsasl.c">
      <Filter>Source Files\sx</Filter>
    </ClCompile>
    <ClCompile Include="$(SolutionDir)..\sx\server.c">
      <Filter>Source Files\sx</Filter>
    </ClCompile>
    <ClCompile Include="$(SolutionDir)..\sx\ssl.c">
      <Filter>Source Files\sx</Filter>
    </ClCompile>
    <ClCompile Include="$(SolutionDir)..\sx\sx.c">
      <Filter>Source Files\sx</Filter>
    </ClCompile>
  </ItemGroup>
  <ItemGroup>
    <ClInclude Include="$(SolutionDir)include\ac-stdint.h">
      <Filter>Header Files</Filter>
    </ClInclude>
    <ClInclude Include="$(SolutionDir)include\config.h">
      <Filter>Header Files</Filter>
    </ClInclude>
    <ClInclude Include="$(SolutionDir)include\win32_port.h">
      <Filter>Header Files</Filter>
    </ClInclude>
    <ClInclude Include="$(SolutionDir)..\util\base64.h">
      <Filter>Header Files\util</Filter>
    </ClInclude>
    <ClInclude Include="$(SolutionDir)..\util\datetime.h">
      <Filter>Header Files\util</Filter>
    </ClInclude>
    <ClInclude Include="$(SolutionDir)..\util\inaddr.h">
      <Filter>Header Files\util</Filter>
    </ClInclude>
    <ClInclude Include="$(SolutionDir)..\util\jid.h">
      <Filter>Header Files\util</Filter>
    </ClInclude>
    <ClInclude Include="$(SolutionDir)..\util\log.h">
      <Filter>Header Files\util</Filter>
    </ClInclude>
    <ClInclude Include="$(SolutionDir)..\util\md5.h">
      <Filter>Header Files\util</Filter>
    </ClInclude>
    <ClInclude Include="$(SolutionDir)..\util\misc.h">
      <Filter>Header Files\util</Filter>
    </ClInclude>
    <ClInclude Include="$(SolutionDir)..\util\nad.h">
      <Filter>Header Files\util</Filter>
    </ClInclude>
    <ClInclude Include="$(SolutionDir)..\util\pool.h">
      <Filter>Header Files\util</Filter>
    </ClInclude>
    <ClInclude Include="$(SolutionDir)..\util\pqueue.h">
      <Filter>Header Files\util</Filter>
    </ClInclude>
    <ClInclude Include="$(SolutionDir)..\util\sha1.h">
      <Filter>Header Files\util</Filter>
    </ClInclude>
    <ClInclude Include="$(SolutionDir)..\util\uri.h">
      <Filter>Header Files\util</Filter>
    </ClInclude>
    <ClInclude Include="$(SolutionDir)..\util\util.h">
      <Filter>Header Files\util</Filter>
    </ClInclude>
    <ClInclude Include="$(SolutionDir)..\util\util_compat.h">
      <Filter>Header Files\util</Filter>
    </ClInclude>
    <ClInclude Include="$(SolutionDir)..\util\xconfig.h">
      <Filter>Header Files\util</Filter>
    </ClInclude>
    <ClInclude Include="$(SolutionDir)..\util\xdata.h">
      <Filter>Header Files\util</Filter>
    </ClInclude>
    <ClInclude Include="$(SolutionDir)..\util\xhash.h">
      <Filter>Header Files\util</Filter>
    </ClInclude>
    <ClInclude Include="$(SolutionDir)..\mio\mio.h">
      <Filter>Header Files\mio</Filter>
    </ClInclude>
    <ClInclude Include="$(SolutionDir)..\mio\mio_impl.h">
      <Filter>Header Files\mio</Filter>
    </ClInclude>
    <ClInclude Include="$(SolutionDir)..\mio\mio_select.h">
      <Filter>Header Files\mio</Filter>
    </ClInclude>
    <ClInclude Include="$(SolutionDir)..\mio\mio_wsasync.h">
      <Filter>Header Files\mio</Filter>
    </ClInclude>
    <ClInclude Include="$(SolutionDir)..\subst\dirent.h">
      <Filter>Header Files\subst</Filter>
    </ClInclude>
    <ClInclude Include="$(SolutionDir)..\subst\getopt.h">
      <Filter>Header Files\subst</Filter>
    </ClInclude>
    <ClInclude Include="$(SolutionDir)..\subst\ip6_misc.h">
      <Filter>Header Files\subst</Filter>
    </ClInclude>
    <ClInclude Include="$(SolutionDir)..\subst\subst.h">
      <Filter>Header Files\subst</Filter>
    </ClInclude>
    <ClInclude Include="$(SolutionDir)..\subst\syslog.h">
      <Filter>Header Files\subst</Filter>
    </ClInclude>
    <ClInclude Include="$(SolutionDir)..\sx\sasl.h">
      <Filter>Header Files\sx</Filter>
    </ClInclude>
    <ClInclude Include="$(SolutionDir)..\sx\ssl.h">
      <Filter>Header Files\sx</Filter>
    </ClInclude>
    <ClInclude Include="$(SolutionDir)..\sx\sx.h">
      <Filter>Header Files\sx</Filter>
    </ClInclude>
    <ClInclude Include="$(SolutionDir)include\version.h">
      <Filter>Header Files\version</Filter>
    </ClInclude>
  </ItemGroup>
  <ItemGroup>
    <ResourceCompile Include="..\jabberd2.rc" />
  </ItemGroup>
</Project>